{
  "name": "@markup-carve/carve-skill",
  "version": "0.1.0",
  "lockfileVersion": 3,
  "requires": true,
  "packages": {
    "": {
      "name": "@markup-carve/carve-skill",
      "version": "0.1.0",
      "license": "MIT",
      "devDependencies": {
        "@markup-carve/carve": "^0.1.1"
      }
    },
    "node_modules/@markup-carve/carve": {
      "version": "0.1.1",
      "resolved": "https://registry.npmjs.org/@markup-carve/carve/-/carve-0.1.1.tgz",
      "integrity": "sha512-HNWse36IiB6MMtNEkDpcimg5fuA7m5n2SCfnhxrMyUnJjo8pvIpPgncYmRnXutTtDuPwkm5jJlnJciV4uBf1iQ==",
      "dev": true,
      "license": "MIT",
      "bin": {
        "carve": "dist/cli.js"
      },
      "engines": {
        "node": ">=20"
      }
    }
  }
}
